
Microsoft Visual Studio Solution File, Format Version 12.00
Project("{FAE04EC0-301F-11D3-BF4B-00C04F79EFBC}") = "Labo1", "Labo1\Labo1.csproj", "{6571CE8E-786B-4AE1-93C5-23756C2DCF44}"
EndProject
Project("{FAE04EC0-301F-11D3-BF4B-00C04F79EFBC}") = "Labo2", "Labo2\Labo2.csproj", "{3493D4FC-6BD3-4EC9-B294-43E579006377}"
EndProject
Project("{FAE04EC0-301F-11D3-BF4B-00C04F79EFBC}") = "Labo3", "Labo3\Labo3.csproj", "{1BA71B0D-960D-40AD-AD35-57B204566DA4}"
EndProject
Project("{FAE04EC0-301F-11D3-BF4B-00C04F79EFBC}") = "Labo4", "Labo4\Labo4.csproj", "{6DD75B53-3D4C-4478-A71D-F14C515C3417}"
EndProject
Global
	GlobalSection(SolutionConfigurationPlatforms) = preSolution
		Debug|Any CPU = Debug|Any CPU
		Release|Any CPU = Release|Any CPU
	EndGlobalSection
	GlobalSection(ProjectConfigurationPlatforms) = postSolution
		{6571CE8E-786B-4AE1-93C5-23756C2DCF44}.Debug|Any CPU.ActiveCfg = Debug|Any CPU
		{6571CE8E-786B-4AE1-93C5-23756C2DCF44}.Debug|Any CPU.Build.0 = Debug|Any CPU
		{6571CE8E-786B-4AE1-93C5-23756C2DCF44}.Release|Any CPU.ActiveCfg = Release|Any CPU
		{6571CE8E-786B-4AE1-93C5-23756C2DCF44}.Release|Any CPU.Build.0 = Release|Any CPU
		{3493D4FC-6BD3-4EC9-B294-43E579006377}.Debug|Any CPU.ActiveCfg = Debug|Any CPU
		{3493D4FC-6BD3-4EC9-B294-43E579006377}.Debug|Any CPU.Build.0 = Debug|Any CPU
		{3493D4FC-6BD3-4EC9-B294-43E579006377}.Release|Any CPU.ActiveCfg = Release|Any CPU
		{3493D4FC-6BD3-4EC9-B294-43E579006377}.Release|Any CPU.Build.0 = Release|Any CPU
		{1BA71B0D-960D-40AD-AD35-57B204566DA4}.Debug|Any CPU.ActiveCfg = Debug|Any CPU
		{1BA71B0D-960D-40AD-AD35-57B204566DA4}.Debug|Any CPU.Build.0 = Debug|Any CPU
		{1BA71B0D-960D-40AD-AD35-57B204566DA4}.Release|Any CPU.ActiveCfg = Release|Any CPU
		{1BA71B0D-960D-40AD-AD35-57B204566DA4}.Release|Any CPU.Build.0 = Release|Any CPU
		{6DD75B53-3D4C-4478-A71D-F14C515C3417}.Debug|Any CPU.ActiveCfg = Debug|Any CPU
		{6DD75B53-3D4C-4478-A71D-F14C515C3417}.Debug|Any CPU.Build.0 = Debug|Any CPU
		{6DD75B53-3D4C-4478-A71D-F14C515C3417}.Release|Any CPU.ActiveCfg = Release|Any CPU
		{6DD75B53-3D4C-4478-A71D-F14C515C3417}.Release|Any CPU.Build.0 = Release|Any CPU
	EndGlobalSection
EndGlobal
